
Microsoft Visual Studio Solution File, Format Version 12.00
# Visual Studio Version 17
VisualStudioVersion = 17.9.34616.47
MinimumVisualStudioVersion = 10.0.40219.1
Project("{FAE04EC0-301F-11D3-BF4B-00C04F79EFBC}") = "Flight-Search-Service", "Flight-Search-Service\Flight-Search-Service.csproj", "{0C807B5F-3D8C-4670-A964-69A2BB927F97}"
EndProject
Global
	GlobalSection(SolutionConfigurationPlatforms) = preSolution
		Debug|Any CPU = Debug|Any CPU
		Release|Any CPU = Release|Any CPU
	EndGlobalSection
	GlobalSection(ProjectConfigurationPlatforms) = postSolution
		{0C807B5F-3D8C-4670-A964-69A2BB927F97}.Debug|Any CPU.ActiveCfg = Debug|Any CPU
		{0C807B5F-3D8C-4670-A964-69A2BB927F97}.Debug|Any CPU.Build.0 = Debug|Any CPU
		{0C807B5F-3D8C-4670-A964-69A2BB927F97}.Release|Any CPU.ActiveCfg = Release|Any CPU
		{0C807B5F-3D8C-4670-A964-69A2BB927F97}.Release|Any CPU.Build.0 = Release|Any CPU
	EndGlobalSection
	GlobalSection(SolutionProperties) = preSolution
		HideSolutionNode = FALSE
	EndGlobalSection
	GlobalSection(ExtensibilityGlobals) = postSolution
		SolutionGuid = {168DC596-D072-4011-A9C7-73C37B7991BF}
	EndGlobalSection
EndGlobal
